
Microsoft Visual Studio Solution File, Format Version 12.00
# Visual Studio 15
VisualStudioVersion = 15.0.27703.2018
MinimumVisualStudioVersion = 10.0.40219.1
Project("{9A19103F-16F7-4668-BE54-9A1E7A4F7556}") = "EnContactObjectStorageLib", "EnContactObjectStorageLib\EnContactObjectStorageLib.csproj", "{FAE32084-803A-4B51-A495-BBB7ED72ED00}"
EndProject
Project("{FAE04EC0-301F-11D3-BF4B-00C04F79EFBC}") = "sample", "sample\sample.csproj", "{645196A4-D337-4F3E-B6FB-EC09883150FB}"
EndProject
Global
	GlobalSection(SolutionConfigurationPlatforms) = preSolution
		Debug|Any CPU = Debug|Any CPU
		Release|Any CPU = Release|Any CPU
	EndGlobalSection
	GlobalSection(ProjectConfigurationPlatforms) = postSolution
		{FAE32084-803A-4B51-A495-BBB7ED72ED00}.Debug|Any CPU.ActiveCfg = Debug|Any CPU
		{FAE32084-803A-4B51-A495-BBB7ED72ED00}.Debug|Any CPU.Build.0 = Debug|Any CPU
		{FAE32084-803A-4B51-A495-BBB7ED72ED00}.Release|Any CPU.ActiveCfg = Release|Any CPU
		{FAE32084-803A-4B51-A495-BBB7ED72ED00}.Release|Any CPU.Build.0 = Release|Any CPU
		{645196A4-D337-4F3E-B6FB-EC09883150FB}.Debug|Any CPU.ActiveCfg = Debug|Any CPU
		{645196A4-D337-4F3E-B6FB-EC09883150FB}.Debug|Any CPU.Build.0 = Debug|Any CPU
		{645196A4-D337-4F3E-B6FB-EC09883150FB}.Release|Any CPU.ActiveCfg = Release|Any CPU
		{645196A4-D337-4F3E-B6FB-EC09883150FB}.Release|Any CPU.Build.0 = Release|Any CPU
	EndGlobalSection
	GlobalSection(SolutionProperties) = preSolution
		HideSolutionNode = FALSE
	EndGlobalSection
	GlobalSection(ExtensibilityGlobals) = postSolution
		SolutionGuid = {897CD1E5-2435-4A79-B3FB-2994D7D614CC}
	EndGlobalSection
EndGlobal
